
Microsoft Visual Studio Solution File, Format Version 12.00
# Visual Studio Version 17
VisualStudioVersion = 17.2.32630.192
MinimumVisualStudioVersion = 10.0.40219.1
Project("{FAE04EC0-301F-11D3-BF4B-00C04F79EFBC}") = "JenkinsDemo", "JenkinsDemo\JenkinsDemo.csproj", "{C8B9E0A3-3005-4130-9427-21A0EC4F660F}"
EndProject
Project("{FAE04EC0-301F-11D3-BF4B-00C04F79EFBC}") = "TestProject1", "TestProject1\TestProject1.csproj", "{CFA69736-9691-4F29-9C78-70DCF3CA5A68}"
EndProject
Global
	GlobalSection(SolutionConfigurationPlatforms) = preSolution
		Debug|Any CPU = Debug|Any CPU
		Release|Any CPU = Release|Any CPU
	EndGlobalSection
	GlobalSection(ProjectConfigurationPlatforms) = postSolution
		{C8B9E0A3-3005-4130-9427-21A0EC4F660F}.Debug|Any CPU.ActiveCfg = Debug|Any CPU
		{C8B9E0A3-3005-4130-9427-21A0EC4F660F}.Debug|Any CPU.Build.0 = Debug|Any CPU
		{C8B9E0A3-3005-4130-9427-21A0EC4F660F}.Release|Any CPU.ActiveCfg = Release|Any CPU
		{C8B9E0A3-3005-4130-9427-21A0EC4F660F}.Release|Any CPU.Build.0 = Release|Any CPU
		{CFA69736-9691-4F29-9C78-70DCF3CA5A68}.Debug|Any CPU.ActiveCfg = Debug|Any CPU
		{CFA69736-9691-4F29-9C78-70DCF3CA5A68}.Debug|Any CPU.Build.0 = Debug|Any CPU
		{CFA69736-9691-4F29-9C78-70DCF3CA5A68}.Release|Any CPU.ActiveCfg = Release|Any CPU
		{CFA69736-9691-4F29-9C78-70DCF3CA5A68}.Release|Any CPU.Build.0 = Release|Any CPU
	EndGlobalSection
	GlobalSection(SolutionProperties) = preSolution
		HideSolutionNode = FALSE
	EndGlobalSection
	GlobalSection(ExtensibilityGlobals) = postSolution
		SolutionGuid = {9AEF2CFF-4948-42B8-BC25-C87F76137C0E}
	EndGlobalSection
EndGlobal
